
Microsoft Visual Studio Solution File, Format Version 12.00
# Visual Studio Version 17
VisualStudioVersion = 17.0.32112.339
MinimumVisualStudioVersion = 10.0.40219.1
Project("{FAE04EC0-301F-11D3-BF4B-00C04F79EFBC}") = "1.12 Algorithm", "1.12 Algorithm.csproj", "{62041ED5-A783-43D6-AB1E-B6ADDBAE3EC1}"
EndProject
Global
	GlobalSection(SolutionConfigurationPlatforms) = preSolution
		Debug|Any CPU = Debug|Any CPU
		Release|Any CPU = Release|Any CPU
	EndGlobalSection
	GlobalSection(ProjectConfigurationPlatforms) = postSolution
		{62041ED5-A783-43D6-AB1E-B6ADDBAE3EC1}.Debug|Any CPU.ActiveCfg = Debug|Any CPU
		{62041ED5-A783-43D6-AB1E-B6ADDBAE3EC1}.Debug|Any CPU.Build.0 = Debug|Any CPU
		{62041ED5-A783-43D6-AB1E-B6ADDBAE3EC1}.Release|Any CPU.ActiveCfg = Release|Any CPU
		{62041ED5-A783-43D6-AB1E-B6ADDBAE3EC1}.Release|Any CPU.Build.0 = Release|Any CPU
	EndGlobalSection
	GlobalSection(SolutionProperties) = preSolution
		HideSolutionNode = FALSE
	EndGlobalSection
	GlobalSection(ExtensibilityGlobals) = postSolution
		SolutionGuid = {1E6B52C5-EB5A-404B-9CBF-9C7396592F93}
	EndGlobalSection
EndGlobal
