
Microsoft Visual Studio Solution File, Format Version 12.00
# Visual Studio Version 17
VisualStudioVersion = 17.0.32112.339
MinimumVisualStudioVersion = 10.0.40219.1
Project("{FAE04EC0-301F-11D3-BF4B-00C04F79EFBC}") = "1.13 Collections - 1", "1.13 Collections - 1.csproj", "{40930FDB-1B5C-475B-8A14-98DB5BF7FAF3}"
EndProject
Global
	GlobalSection(SolutionConfigurationPlatforms) = preSolution
		Debug|Any CPU = Debug|Any CPU
		Release|Any CPU = Release|Any CPU
	EndGlobalSection
	GlobalSection(ProjectConfigurationPlatforms) = postSolution
		{40930FDB-1B5C-475B-8A14-98DB5BF7FAF3}.Debug|Any CPU.ActiveCfg = Debug|Any CPU
		{40930FDB-1B5C-475B-8A14-98DB5BF7FAF3}.Debug|Any CPU.Build.0 = Debug|Any CPU
		{40930FDB-1B5C-475B-8A14-98DB5BF7FAF3}.Release|Any CPU.ActiveCfg = Release|Any CPU
		{40930FDB-1B5C-475B-8A14-98DB5BF7FAF3}.Release|Any CPU.Build.0 = Release|Any CPU
	EndGlobalSection
	GlobalSection(SolutionProperties) = preSolution
		HideSolutionNode = FALSE
	EndGlobalSection
	GlobalSection(ExtensibilityGlobals) = postSolution
		SolutionGuid = {5F037A28-EDF9-4822-BF6D-D87CB59E7E8E}
	EndGlobalSection
EndGlobal
